{"SurveyEntry":{"SurveyID":"SV_2h64BH5HAELfJI1","SurveyName":"Sample Survey","SurveyDescription":null,"SurveyOwnerID":"UR_2cvipk0V9ej9J1q","SurveyBrandID":"williamscollege","DivisionID":"DV_6YCLmpdaVG6nXYF","SurveyLanguage":"EN","SurveyActiveResponseSet":"RS_82ZFehguH2126UJ","SurveyStatus":"Active","SurveyStartDate":"0000-00-00 00:00:00","SurveyExpirationDate":"0000-00-00 00:00:00","SurveyCreationDate":"2015-06-04 07:45:00","CreatorID":"UR_2cvipk0V9ej9J1q","LastModified":"2015-06-08 13:00:51","LastAccessed":"0000-00-00 00:00:00","LastActivated":"2015-06-05 14:21:02","Deleted":null},"SurveyElements":[{"SurveyID":"SV_2h64BH5HAELfJI1","Element":"BL","PrimaryAttribute":"Survey Blocks","SecondaryAttribute":null,"TertiaryAttribute":null,"Payload":[{"Type":"Default","Description":"Default Question Block","ID":"BL_7ZL4LP4XBbPo2qN","BlockElements":[{"Type":"Question","QuestionID":"QID5"},{"Type":"Question","QuestionID":"QID1"},{"Type":"Question","QuestionID":"QID2"},{"Type":"Question","QuestionID":"QID3"},{"Type":"Question","QuestionID":"QID4"},{"Type":"Question","QuestionID":"QID6"},{"Type":"Question","QuestionID":"QID7"},{"Type":"Question","QuestionID":"QID8"}]},{"Type":"Trash","Description":"Trash \/ Unused Questions","ID":"BL_d4svO5mDbYdf34V"}]},{"SurveyID":"SV_2h64BH5HAELfJI1","Element":"FL","PrimaryAttribute":"Survey Flow","SecondaryAttribute":null,"TertiaryAttribute":null,"Payload":{"Flow":[{"ID":"BL_7ZL4LP4XBbPo2qN","Type":"Block","FlowID":"FL_2"}],"Properties":{"Count":2},"FlowID":"FL_1","Type":"Root"}},{"SurveyID":"SV_2h64BH5HAELfJI1","Element":"SO","PrimaryAttribute":"Survey Options","SecondaryAttribute":null,"TertiaryAttribute":null,"Payload":{"BackButton":"false","SaveAndContinue":"true","SurveyProtection":"PublicSurvey","BallotBoxStuffingPrevention":"false","NoIndex":"Yes","SurveyExpiration":"None","SurveyTermination":"DefaultMessage","Header":"","Footer":"","ProgressBarDisplay":"None","PartialData":"+1 week","ValidationMessage":"","PreviousButton":"  <<  ","NextButton":"  >>  ","SkinLibrary":"williamscollege","SkinType":"MQ","Skin":"williamscollege1","NewScoring":1,"ProtectSelectionIds":true}},{"SurveyID":"SV_2h64BH5HAELfJI1","Element":"SCO","PrimaryAttribute":"Scoring","SecondaryAttribute":null,"TertiaryAttribute":null,"Payload":{"ScoringCategories":[],"ScoringCategoryGroups":[],"ScoringSummaryCategory":null,"ScoringSummaryAfterQuestions":0,"ScoringSummaryAfterSurvey":0,"DefaultScoringCategory":null,"AutoScoringCategory":null}},{"SurveyID":"SV_2h64BH5HAELfJI1","Element":"STAT","PrimaryAttribute":"Survey Statistics","SecondaryAttribute":null,"TertiaryAttribute":null,"Payload":{"MobileCompatible":true,"ID":"Survey Statistics"}},{"SurveyID":"SV_2h64BH5HAELfJI1","Element":"QC","PrimaryAttribute":"Survey Question Count","SecondaryAttribute":"8","TertiaryAttribute":null,"Payload":null},{"SurveyID":"SV_2h64BH5HAELfJI1","Element":"SQ","PrimaryAttribute":"QID7","SecondaryAttribute":"check all that apply","TertiaryAttribute":null,"Payload":{"QuestionText":"check all that apply","DefaultChoices":false,"DataExportTag":"Q7","QuestionType":"Matrix","Selector":"Likert","SubSelector":"MultipleAnswer","Configuration":{"QuestionDescriptionOption":"UseText","TextPosition":"inline","ChoiceColumnWidth":25,"RepeatHeaders":"none","WhiteSpace":"OFF","MobileFirst":true},"QuestionDescription":"check all that apply","Choices":{"1":{"Display":"will"},"2":{"Display":"this"},"3":{"Display":"have"},"4":{"Display":"choicedataexporttags?"}},"ChoiceOrder":["1","2","3","4"],"Validation":{"Settings":{"ForceResponse":"OFF","ForceResponseType":"ON","Type":"None"}},"GradingData":[],"Language":[],"Answers":{"1":{"Display":"scale1"},"2":{"Display":"scale2"},"3":{"Display":"scale3"}},"AnswerOrder":["1","2","3"],"ChoiceDataExportTags":false,"QuestionID":"QID7"}},{"SurveyID":"SV_2h64BH5HAELfJI1","Element":"SQ","PrimaryAttribute":"QID8","SecondaryAttribute":"Click to write the question text","TertiaryAttribute":null,"Payload":{"QuestionText":"Click to write the question text","DefaultChoices":false,"DataExportTag":"Q8","QuestionType":"Matrix","Selector":"Likert","SubSelector":"SingleAnswer","Configuration":{"QuestionDescriptionOption":"UseText","TextPosition":"inline","ChoiceColumnWidth":25,"RepeatHeaders":"none","WhiteSpace":"OFF","MobileFirst":true},"QuestionDescription":"Click to write the question text","Choices":{"1":{"Display":"choicedata"},"2":{"Display":"exporttags?"}},"ChoiceOrder":["1","2"],"Validation":{"Settings":{"ForceResponse":"OFF","ForceResponseType":"ON","Type":"None"}},"GradingData":[],"Language":[],"Answers":{"1":{"Display":"1"},"2":{"Display":"2"},"3":{"Display":"3"}},"AnswerOrder":["1","2","3"],"ChoiceDataExportTags":false,"QuestionID":"QID8"}},{"SurveyID":"SV_2h64BH5HAELfJI1","Element":"RS","PrimaryAttribute":"RS_82ZFehguH2126UJ","SecondaryAttribute":"Default Response Set","TertiaryAttribute":null,"Payload":null},{"SurveyID":"SV_2h64BH5HAELfJI1","Element":"SQ","PrimaryAttribute":"QID1","SecondaryAttribute":"In which season were you born?","TertiaryAttribute":null,"Payload":{"QuestionText":"In which season were you born?","DataExportTag":"Q2","QuestionType":"MC","Selector":"SAVR","SubSelector":"TX","Configuration":{"QuestionDescriptionOption":"UseText"},"QuestionDescription":"In which season were you born?","Choices":{"1":{"Display":"Winter"},"2":{"Display":"Spring"},"3":{"Display":"Summer"},"4":{"Display":"Fall"},"5":{"Display":"Not sure (example of text entry)","TextEntry":"true","InputWidth":220}},"ChoiceOrder":[1,2,3,4,5],"Validation":{"Settings":{"ForceResponse":"OFF","ForceResponseType":"ON","Type":"None"}},"Language":[],"QuestionID":"QID1","QuestionText_Unsafe":"In which season were you born?"}},{"SurveyID":"SV_2h64BH5HAELfJI1","Element":"SQ","PrimaryAttribute":"QID3","SecondaryAttribute":"Please indicate the extent to which you agree or disagree with the following statements.","TertiaryAttribute":null,"Payload":{"QuestionText":"Please indicate the extent to which you agree or disagree with the following statements.","DefaultChoices":false,"DataExportTag":"Q4","QuestionType":"Matrix","Selector":"Likert","SubSelector":"SingleAnswer","Configuration":{"QuestionDescriptionOption":"UseText","TextPosition":"inline","ChoiceColumnWidth":25,"RepeatHeaders":"none","WhiteSpace":"OFF","MobileFirst":true},"QuestionDescription":"Please indicate the extent to which you agree or disagree with the following statements.","Choices":{"1":{"Display":"I like pizza"},"2":{"Display":"Summer is my favorite season"},"3":{"Display":"I am a good driver"}},"ChoiceOrder":["1","2","3"],"Validation":{"Settings":{"ForceResponse":"OFF","ForceResponseType":"ON","Type":"None"}},"GradingData":[],"Language":[],"Answers":{"1":{"Display":"Strongly disagree"},"2":{"Display":"Disagree"},"3":{"Display":"Neither Agree nor Disagree"},"4":{"Display":"Agree"},"5":{"Display":"Strongly Agree"}},"AnswerOrder":["1","2","3","4","5"],"ChoiceDataExportTags":{"1":"Q4_3","2":"Q4_2","3":"Q4_1"},"QuestionID":"QID3","QuestionText_Unsafe":"Please indicate the extent to which you agree or disagree with the following statements.","RecodeValues":{"1":"5","2":"4","3":"3","4":"2","5":"1"},"AnalyzeChoices":{"3":"No"}}},{"SurveyID":"SV_2h64BH5HAELfJI1","Element":"SQ","PrimaryAttribute":"QID5","SecondaryAttribute":"This is a nonsense survey, designed to demonstrate how several\nquestion types are represented in...","TertiaryAttribute":null,"Payload":{"QuestionText":"This is a nonsense survey, designed to demonstrate how several question types are represented in a .qsf file.","DefaultChoices":false,"DataExportTag":"Q1","QuestionType":"DB","Selector":"TB","Configuration":{"QuestionDescriptionOption":"UseText"},"QuestionDescription":"This is a nonsense survey, designed to demonstrate how several\nquestion types are represented in...","ChoiceOrder":[],"Validation":{"Settings":{"Type":"None"}},"GradingData":[],"Language":[],"QuestionID":"QID5","QuestionText_Unsafe":"This is a nonsense survey, designed to demonstrate how several question types are represented in a .qsf file."}},{"SurveyID":"SV_2h64BH5HAELfJI1","Element":"SQ","PrimaryAttribute":"QID4","SecondaryAttribute":"What is your earliest memory?","TertiaryAttribute":null,"Payload":{"QuestionText":"What is your earliest memory?","DefaultChoices":false,"DataExportTag":"Q5","QuestionType":"TE","Selector":"ESTB","Configuration":{"QuestionDescriptionOption":"UseText"},"QuestionDescription":"What is your earliest memory?","Validation":{"Settings":{"ForceResponse":"OFF","ForceResponseType":"ON","Type":"None"}},"GradingData":[],"Language":[],"QuestionID":"QID4","QuestionText_Unsafe":"What is your earliest memory?"}},{"SurveyID":"SV_2h64BH5HAELfJI1","Element":"SQ","PrimaryAttribute":"QID6","SecondaryAttribute":"Which of the following traits describe the following animals","TertiaryAttribute":null,"Payload":{"QuestionText":"Which of the following traits describe the following animals","DefaultChoices":false,"DataExportTag":"Q6","QuestionType":"Matrix","Selector":"Likert","SubSelector":"MultipleAnswer","Configuration":{"QuestionDescriptionOption":"UseText","TextPosition":"inline","ChoiceColumnWidth":25,"RepeatHeaders":"none","WhiteSpace":"OFF","MobileFirst":true},"QuestionDescription":"Which of the following traits describe the following animals","Choices":{"1":{"Display":"dog"},"2":{"Display":"snake"},"3":{"Display":"koala"}},"ChoiceOrder":["1","2","3"],"Validation":{"Settings":{"ForceResponse":"OFF","ForceResponseType":"ON","Type":"None"}},"GradingData":[],"Language":[],"Answers":{"1":{"Display":"cuddly"},"2":{"Display":"a good pet"}},"AnswerOrder":["1","2"],"ChoiceDataExportTags":{"1":"Q6_1","2":"Q6_7","3":"Q6_3"},"QuestionID":"QID6","RecodeValues":{"1":"2","2":"1"}}},{"SurveyID":"SV_2h64BH5HAELfJI1","Element":"SQ","PrimaryAttribute":"QID2","SecondaryAttribute":"Which of these fruits do you like? (check all that apply)","TertiaryAttribute":null,"Payload":{"QuestionText":"Which of these fruits do you like? (check all that apply)","DataExportTag":"Q3","QuestionType":"MC","Selector":"MAVR","SubSelector":"TX","Configuration":{"QuestionDescriptionOption":"UseText"},"QuestionDescription":"Which of these fruits do you like? (check all that apply)","Choices":{"1":{"Display":"Apples"},"2":{"Display":"Bananas"},"3":{"Display":"Blueberries"},"4":{"Display":"Pears"}},"ChoiceOrder":[1,2,3,4],"Validation":{"Settings":{"ForceResponse":"OFF","ForceResponseType":"ON","Type":"None"}},"Language":[],"QuestionID":"QID2","QuestionText_Unsafe":"Which of these fruits do you like? (check all that apply)","RecodeValues":{"1":"2","2":"1","3":"3","4":"4"},"VariableNaming":{"1":"apples","2":"bananas","3":"blues","4":"pears"},"AnalyzeChoices":{"2":"No"}}}]}